
Microsoft Visual Studio Solution File, Format Version 12.00
# Visual Studio Version 17
VisualStudioVersion = 17.5.33424.131
MinimumVisualStudioVersion = 10.0.40219.1
Project("{FAE04EC0-301F-11D3-BF4B-00C04F79EFBC}") = "Usuarios", "Usuarios.csproj", "{F10AE1EB-F99C-4FBF-BFC1-611D4F7914EE}"
EndProject
Global
	GlobalSection(SolutionConfigurationPlatforms) = preSolution
		Debug|Any CPU = Debug|Any CPU
		Release|Any CPU = Release|Any CPU
	EndGlobalSection
	GlobalSection(ProjectConfigurationPlatforms) = postSolution
		{F10AE1EB-F99C-4FBF-BFC1-611D4F7914EE}.Debug|Any CPU.ActiveCfg = Debug|Any CPU
		{F10AE1EB-F99C-4FBF-BFC1-611D4F7914EE}.Debug|Any CPU.Build.0 = Debug|Any CPU
		{F10AE1EB-F99C-4FBF-BFC1-611D4F7914EE}.Release|Any CPU.ActiveCfg = Release|Any CPU
		{F10AE1EB-F99C-4FBF-BFC1-611D4F7914EE}.Release|Any CPU.Build.0 = Release|Any CPU
	EndGlobalSection
	GlobalSection(SolutionProperties) = preSolution
		HideSolutionNode = FALSE
	EndGlobalSection
	GlobalSection(ExtensibilityGlobals) = postSolution
		SolutionGuid = {B26276CC-4AEE-486F-A77A-9CEDE96BFB21}
	EndGlobalSection
EndGlobal
